
Microsoft Visual Studio Solution File, Format Version 12.00
# Visual Studio Version 17
VisualStudioVersion = 17.4.33205.214
MinimumVisualStudioVersion = 10.0.40219.1
Project("{FAE04EC0-301F-11D3-BF4B-00C04F79EFBC}") = "ProyectoFinal", "ProyectoFinal\ProyectoFinal.csproj", "{2A02D810-EA29-4292-AE4D-71F1B037F409}"
EndProject
Global
	GlobalSection(SolutionConfigurationPlatforms) = preSolution
		Debug|Any CPU = Debug|Any CPU
		Release|Any CPU = Release|Any CPU
	EndGlobalSection
	GlobalSection(ProjectConfigurationPlatforms) = postSolution
		{2A02D810-EA29-4292-AE4D-71F1B037F409}.Debug|Any CPU.ActiveCfg = Debug|Any CPU
		{2A02D810-EA29-4292-AE4D-71F1B037F409}.Debug|Any CPU.Build.0 = Debug|Any CPU
		{2A02D810-EA29-4292-AE4D-71F1B037F409}.Release|Any CPU.ActiveCfg = Release|Any CPU
		{2A02D810-EA29-4292-AE4D-71F1B037F409}.Release|Any CPU.Build.0 = Release|Any CPU
	EndGlobalSection
	GlobalSection(SolutionProperties) = preSolution
		HideSolutionNode = FALSE
	EndGlobalSection
	GlobalSection(ExtensibilityGlobals) = postSolution
		SolutionGuid = {3078F745-20C8-481C-8446-E52557C11895}
	EndGlobalSection
EndGlobal
